
Microsoft Visual Studio Solution File, Format Version 12.00
# Visual Studio Version 16
VisualStudioVersion = 16.0.29009.5
MinimumVisualStudioVersion = 10.0.40219.1
Project("{FAE04EC0-301F-11D3-BF4B-00C04F79EFBC}") = "HCI.SQLFramework.Tests", "HCI.SQLFramework.Tests\HCI.SQLFramework.Tests.csproj", "{2E3DF5C2-8A38-4A03-86D7-8D463C917E47}"
EndProject
Project("{2150E333-8FDC-42A3-9474-1A3956D46DE8}") = "Framework", "Framework", "{93FD642D-D136-4A1E-9548-65BEFAF3E81F}"
EndProject
Project("{2150E333-8FDC-42A3-9474-1A3956D46DE8}") = "Standart", "Standart", "{437DE4C7-B1B0-47DE-BC84-E1F3942B093E}"
EndProject
Project("{9A19103F-16F7-4668-BE54-9A1E7A4F7556}") = "HCI.SQLFramework.Contracts", "HCI.SQLFramework.Contracts\HCI.SQLFramework.Contracts.csproj", "{614D9CE9-81A4-47EF-B75E-DEECF76687A2}"
EndProject
Project("{FAE04EC0-301F-11D3-BF4B-00C04F79EFBC}") = "HCI.SQLFramework", "HCI.SQLFramework\HCI.SQLFramework.csproj", "{DD817D0B-24FA-4BAE-90F3-40A2E18839D7}"
EndProject
Global
	GlobalSection(SolutionConfigurationPlatforms) = preSolution
		Debug|Any CPU = Debug|Any CPU
		Release|Any CPU = Release|Any CPU
	EndGlobalSection
	GlobalSection(ProjectConfigurationPlatforms) = postSolution
		{2E3DF5C2-8A38-4A03-86D7-8D463C917E47}.Debug|Any CPU.ActiveCfg = Debug|Any CPU
		{2E3DF5C2-8A38-4A03-86D7-8D463C917E47}.Debug|Any CPU.Build.0 = Debug|Any CPU
		{2E3DF5C2-8A38-4A03-86D7-8D463C917E47}.Release|Any CPU.ActiveCfg = Release|Any CPU
		{2E3DF5C2-8A38-4A03-86D7-8D463C917E47}.Release|Any CPU.Build.0 = Release|Any CPU
		{614D9CE9-81A4-47EF-B75E-DEECF76687A2}.Debug|Any CPU.ActiveCfg = Debug|Any CPU
		{614D9CE9-81A4-47EF-B75E-DEECF76687A2}.Debug|Any CPU.Build.0 = Debug|Any CPU
		{614D9CE9-81A4-47EF-B75E-DEECF76687A2}.Release|Any CPU.ActiveCfg = Release|Any CPU
		{614D9CE9-81A4-47EF-B75E-DEECF76687A2}.Release|Any CPU.Build.0 = Release|Any CPU
		{DD817D0B-24FA-4BAE-90F3-40A2E18839D7}.Debug|Any CPU.ActiveCfg = Debug|Any CPU
		{DD817D0B-24FA-4BAE-90F3-40A2E18839D7}.Debug|Any CPU.Build.0 = Debug|Any CPU
		{DD817D0B-24FA-4BAE-90F3-40A2E18839D7}.Release|Any CPU.ActiveCfg = Release|Any CPU
		{DD817D0B-24FA-4BAE-90F3-40A2E18839D7}.Release|Any CPU.Build.0 = Release|Any CPU
	EndGlobalSection
	GlobalSection(SolutionProperties) = preSolution
		HideSolutionNode = FALSE
	EndGlobalSection
	GlobalSection(NestedProjects) = preSolution
		{2E3DF5C2-8A38-4A03-86D7-8D463C917E47} = {93FD642D-D136-4A1E-9548-65BEFAF3E81F}
		{614D9CE9-81A4-47EF-B75E-DEECF76687A2} = {437DE4C7-B1B0-47DE-BC84-E1F3942B093E}
		{DD817D0B-24FA-4BAE-90F3-40A2E18839D7} = {437DE4C7-B1B0-47DE-BC84-E1F3942B093E}
	EndGlobalSection
	GlobalSection(ExtensibilityGlobals) = postSolution
		SolutionGuid = {2E2A0625-A3F2-4C57-99CE-AF857DAB0D1B}
	EndGlobalSection
EndGlobal
